{
  "version": 1,
  "dependencies": {
    "net10.0-windows10.0.19041": {
      "AngleSharp": {
        "type": "Transitive",
        "resolved": "1.5.0",
        "contentHash": "REAdFOAlTxr6yqmxWFFLLMB/+uvIS3N6tXXUAWjoexA0LsQB/CfZYadg+z+DkcpAwJk8gF1VF4YLsq4U1Gficg=="
      },
      "ExCSS": {
        "type": "Transitive",
        "resolved": "4.2.3",
        "contentHash": "SyeAfu2wL5247sipJoPUzQfjiwQtfSd8hN4IbgoyVcDx4PP6Dud4znwPRibWQzLtTlUxYYcbf5f4p+EfFC7KtQ=="
      },
      "Microsoft.NETCore.Platforms": {
        "type": "Transitive",
        "resolved": "5.0.0",
        "contentHash": "VyPlqzH2wavqquTcYpkIIAQ6WdenuKoFN0BdYBbCWsclXacSOHNQn66Gt4z5NBqEYW0FAPm5rlvki9ZiCij5xQ=="
      },
      "Microsoft.Win32.SystemEvents": {
        "type": "Transitive",
        "resolved": "5.0.0",
        "contentHash": "Bh6blKG8VAKvXiLe2L+sEsn62nc1Ij34MrNxepD2OCrS5cpCwQa9MeLyhVQPQ/R4Wlzwuy6wMK8hLb11QPDRsQ==",
        "dependencies": {
          "Microsoft.NETCore.Platforms": "5.0.0"
        }
      },
      "Svg": {
        "type": "Transitive",
        "resolved": "3.4.8",
        "contentHash": "KBI/SYpZ0d7YHCoMsviqirp/F9GAWj6VL8gqHwkp9d8TlPECoT9uqvAWP6Dh7V0IGdegfvHPXhZQKNkGpMxhXg==",
        "dependencies": {
          "ExCSS": "4.2.3",
          "System.Drawing.Common": "5.0.3"
        }
      },
      "System.Drawing.Common": {
        "type": "Transitive",
        "resolved": "5.0.3",
        "contentHash": "rEQZuslijqdsO0pkJn7LtGBaMc//YVA8de0meGihkg9oLPaN+w+/Pb5d71lgp0YjPoKgBKNMvdq0IPnoW4PEng==",
        "dependencies": {
          "Microsoft.Win32.SystemEvents": "5.0.0"
        }
      },
      "easyedgeapps.core": {
        "type": "Project",
        "dependencies": {
          "AngleSharp": "[1.5.0, )"
        }
      },
      "easyedgeapps.imageworker": {
        "type": "Project",
        "dependencies": {
          "EasyEdgeApps.Windows": "[2.0.0-preview.1, )"
        }
      },
      "easyedgeapps.persistence": {
        "type": "Project",
        "dependencies": {
          "EasyEdgeApps.Core": "[2.0.0-preview.1, )"
        }
      },
      "easyedgeapps.windows": {
        "type": "Project",
        "dependencies": {
          "EasyEdgeApps.Core": "[2.0.0-preview.1, )",
          "EasyEdgeApps.Persistence": "[2.0.0-preview.1, )",
          "Svg": "[3.4.8, )"
        }
      }
    },
    "net10.0-windows10.0.19041/win-x64": {
      "Microsoft.Win32.SystemEvents": {
        "type": "Transitive",
        "resolved": "5.0.0",
        "contentHash": "Bh6blKG8VAKvXiLe2L+sEsn62nc1Ij34MrNxepD2OCrS5cpCwQa9MeLyhVQPQ/R4Wlzwuy6wMK8hLb11QPDRsQ==",
        "dependencies": {
          "Microsoft.NETCore.Platforms": "5.0.0"
        }
      },
      "System.Drawing.Common": {
        "type": "Transitive",
        "resolved": "5.0.3",
        "contentHash": "rEQZuslijqdsO0pkJn7LtGBaMc//YVA8de0meGihkg9oLPaN+w+/Pb5d71lgp0YjPoKgBKNMvdq0IPnoW4PEng==",
        "dependencies": {
          "Microsoft.Win32.SystemEvents": "5.0.0"
        }
      }
    }
  }
}